# This file is autogenerated, do not edit; changes may be undone by the next 'dep ensure'.


[[projects]]
  digest = "1:05eebdd5727fea23083fce0d98d307d70c86baed644178e81608aaa9f09ea469"
  name = "github.com/Sirupsen/logrus"
  packages = ["."]
  pruneopts = "UT"
  revision = "60c74ad9be0d874af0ab0daef6ab07c5c5911f0d"
  version = "v1.6.0"

[[projects]]
  digest = "1:82de6097de004b1fc300e6355202c17465353e8992d1b2fe90a30521f8ed63d7"
  name = "github.com/go-macaron/binding"
  packages = ["."]
  pruneopts = "UT"
  revision = "1fa49addf164e0b28840c372cdeca2a1a266eb5c"
  version = "v1.1.0"

[[projects]]
  branch = "master"
  digest = "1:bdb17865b13e720add16eaa212872b4306c8521f367c7a7ff2c10cef1e7afdb1"
  name = "github.com/go-macaron/inject"
  packages = ["."]
  pruneopts = "UT"
  revision = "138e5925c53bc4b58f90b4787ad7a682c4c6498f"

[[projects]]
  branch = "master"
  digest = "1:de8a905f43ab1cf63e6fe076914ec8487a3b404046a07d736b74108213d9b850"
  name = "github.com/go-macaron/session"
  packages = ["."]
  pruneopts = "UT"
  revision = "7d919ce6a8d29a256134ca60e9e92da5c76f137f"

[[projects]]
  digest = "1:09cb61dc19af93deae01587e2fdb1c081e0bf48f1a5ad5fa24f48750dc57dce8"
  name = "github.com/konsorten/go-windows-terminal-sequences"
  packages = ["."]
  pruneopts = "UT"
  revision = "edb144dfd453055e1e49a3d8b410a660b5a87613"
  version = "v1.0.3"

[[projects]]
  digest = "1:b67d9fb93495f20c1650448395a35d8c8a05cc1744bdd9986f5bc69d5d114f22"
  name = "github.com/unknwon/com"
  packages = ["."]
  pruneopts = "UT"
  revision = "41959bdd855fb7db467f78865d5f9044507df1cd"
  version = "v2"

[[projects]]
  branch = "master"
  digest = "1:f92f6956e4059f6a3efc14924d2dd58ba90da25cc57fe07ae3779ef2f5e0c5f2"
  name = "golang.org/x/crypto"
  packages = ["pbkdf2"]
  pruneopts = "UT"
  revision = "4b2356b1ed79e6be3deca3737a3db3d132d2847a"

[[projects]]
  branch = "master"
  digest = "1:8cab10971112233c82c83683a517378038eba1c20e71b29c592b73fa212437b3"
  name = "golang.org/x/sys"
  packages = [
    "internal/unsafeheader",
    "unix",
  ]
  pruneopts = "UT"
  revision = "bc7a7d42d5c30f4d0fe808715c002826ce2c624e"

[[projects]]
  digest = "1:a064971c78455f088b48483cf48a61dbe2f173dc02043cf76a06e19acba3c5e4"
  name = "gopkg.in/ini.v1"
  packages = ["."]
  pruneopts = "UT"
  revision = "39bc4ddcb8b9d0100f7a040816380ccda878b94a"
  version = "v1.55.0"

[[projects]]
  digest = "1:991479fb3a2a395b37d1d0b1fbe77196dd250d8e0f7188e4d8392bad319bedd5"
  name = "gopkg.in/macaron.v1"
  packages = ["."]
  pruneopts = "UT"
  revision = "827b70e413ef21aa7cae7fcd417e1ef21af09f56"
  version = "v1.3.8"

[[projects]]
  branch = "v2"
  digest = "1:4af24de1cba937fb5ef082e8860a47fd46282e6863c01930359368ee121e3114"
  name = "gopkg.in/mgo.v2"
  packages = [
    ".",
    "bson",
    "internal/json",
    "internal/sasl",
    "internal/scram",
  ]
  pruneopts = "UT"
  revision = "a6b53ec6cb22a3699387a57a161566f9402ee85b"

[solve-meta]
  analyzer-name = "dep"
  analyzer-version = 1
  input-imports = [
    "github.com/Sirupsen/logrus",
    "github.com/go-macaron/binding",
    "github.com/go-macaron/session",
    "gopkg.in/macaron.v1",
    "gopkg.in/mgo.v2",
    "gopkg.in/mgo.v2/bson",
  ]
  solver-name = "gps-cdcl"
  solver-version = 1
